# THIS IS AN AUTOGENERATED FILE. DO NOT EDIT THIS FILE DIRECTLY.
# yarn lockfile v1


"@ant-design/colors@^6.0.0":
  "integrity" "sha512-qAZRvPzfdWHtfameEGP2Qvuf838NhergR35o+EuVyB5XvSA98xod5r4utvi4TJ3ywmevm290g9nsCG5MryrdWQ=="
  "resolved" "https://registry.npmjs.org/@ant-design/colors/-/colors-6.0.0.tgz"
  "version" "6.0.0"
  dependencies:
    "@ctrl/tinycolor" "^3.4.0"

"@ant-design/icons-svg@^4.2.1":
  "integrity" "sha512-vHbT+zJEVzllwP+CM+ul7reTEfBR0vgxFe7+lREAsAA7YGsYpboiq2sQNeQeRvh09GfQgs/GyFEvZpJ9cLXpXA=="
  "resolved" "https://registry.npmjs.org/@ant-design/icons-svg/-/icons-svg-4.4.2.tgz"
  "version" "4.4.2"

"@ant-design/icons-vue@^7.0.0", "@ant-design/icons-vue@^7.0.1":
  "integrity" "sha512-eCqY2unfZK6Fe02AwFlDHLfoyEFreP6rBwAZMIJ1LugmfMiVgwWDYlp1YsRugaPtICYOabV1iWxXdP12u9U43Q=="
  "resolved" "https://registry.npmjs.org/@ant-design/icons-vue/-/icons-vue-7.0.1.tgz"
  "version" "7.0.1"
  dependencies:
    "@ant-design/colors" "^6.0.0"
    "@ant-design/icons-svg" "^4.2.1"

"@antfu/utils@^0.7.4", "@antfu/utils@^0.7.5":
  "integrity" "sha512-+562v9k4aI80m1+VuMHehNJWLOFjBnXn3tdOitzD0il5b7smkSBal4+a3oKiQTbrwMmN/TBUMDvbdoWDehgOww=="
  "resolved" "https://registry.npmjs.org/@antfu/utils/-/utils-0.7.10.tgz"
  "version" "0.7.10"

"@babel/parser@^7.15.8", "@babel/parser@^7.24.7":
  "integrity" "sha512-9uUYRm6OqQrCqQdG1iCBwBPZgN8ciDBro2nIOFaiRz1/BCxaI7CNvQbDHvsArAC7Tw9Hda/B3U+6ui9u4HWXPw=="
  "resolved" "https://registry.npmjs.org/@babel/parser/-/parser-7.24.7.tgz"
  "version" "7.24.7"

"@babel/runtime@^7.10.5":
  "integrity" "sha512-UwgBRMjJP+xv857DCngvqXI3Iq6J4v0wXmwc6sapg+zyhbwmQX67LUEFrkK5tbyJ30jGuG3ZvWpBiB9LCy1kWw=="
  "resolved" "https://registry.npmjs.org/@babel/runtime/-/runtime-7.24.7.tgz"
  "version" "7.24.7"
  dependencies:
    "regenerator-runtime" "^0.14.0"

"@ctrl/tinycolor@^3.4.0", "@ctrl/tinycolor@^3.4.1", "@ctrl/tinycolor@^3.5.0":
  "integrity" "sha512-SITSV6aIXsuVNV3f3O0f2n/cgyEDWoSqtZMYiAmcsYHydcKrOz3gUxB/iXd/Qf08+IZX4KpgNbvUdMBmWz+kcA=="
  "resolved" "https://registry.npmjs.org/@ctrl/tinycolor/-/tinycolor-3.6.1.tgz"
  "version" "3.6.1"

"@element-plus/icons-vue@^2.0.6", "@element-plus/icons-vue@2.0.10":
  "integrity" "sha512-ygEZ1mwPjcPo/OulhzLE7mtDrQBWI8vZzEWSNB2W/RNCRjoQGwbaK4N8lV4rid7Ts4qvySU3njMN7YCiSlSaTQ=="
  "resolved" "https://registry.npmjs.org/@element-plus/icons-vue/-/icons-vue-2.0.10.tgz"
  "version" "2.0.10"

"@emotion/hash@^0.9.0":
  "integrity" "sha512-gJB6HLm5rYwSLI6PQa+X1t5CFGrv1J1TWG+sOyMCeKz2ojaj6Fnl/rZEspogG+cvqbt4AE/2eIyD2QfLKTBNlQ=="
  "resolved" "https://registry.npmjs.org/@emotion/hash/-/hash-0.9.1.tgz"
  "version" "0.9.1"

"@emotion/unitless@^0.8.0":
  "integrity" "sha512-KOEGMu6dmJZtpadb476IsZBclKvILjopjUii3V+7MnXIQCYh8W3NgNcgwo21n9LXZX6EDIKvqfjYxXebDwxKmQ=="
  "resolved" "https://registry.npmjs.org/@emotion/unitless/-/unitless-0.8.1.tgz"
  "version" "0.8.1"

"@esbuild/win32-x64@0.21.5":
  "integrity" "sha512-tQd/1efJuzPC6rCFwEvLtci/xNFcTZknmXs98FYDfGE4wP9ClFV98nyKrzJKVPMhdDnjzLhdUyMX4PsQAPjwIw=="
  "resolved" "https://registry.npmjs.org/@esbuild/win32-x64/-/win32-x64-0.21.5.tgz"
  "version" "0.21.5"

"@floating-ui/core@^1.0.0":
  "integrity" "sha512-1ZpCvYf788/ZXOhRQGFxnYQOVgeU+pi0i+d0Ow34La7qjIXETi6RNswGVKkA6KcDO8/+Ysu2E/CeUmmeEBDvTg=="
  "resolved" "https://registry.npmjs.org/@floating-ui/core/-/core-1.6.3.tgz"
  "version" "1.6.3"
  dependencies:
    "@floating-ui/utils" "^0.2.3"

"@floating-ui/dom@^1.0.1":
  "integrity" "sha512-qiTYajAnh3P+38kECeffMSQgbvXty2VB6rS+42iWR4FPIlZjLK84E9qtLnMTLIpPz2znD/TaFqaiavMUrS+Hcw=="
  "resolved" "https://registry.npmjs.org/@floating-ui/dom/-/dom-1.6.6.tgz"
  "version" "1.6.6"
  dependencies:
    "@floating-ui/core" "^1.0.0"
    "@floating-ui/utils" "^0.2.3"

"@floating-ui/utils@^0.2.3":
  "integrity" "sha512-XGndio0l5/Gvd6CLIABvsav9HHezgDFFhDfHk1bvLfr9ni8dojqLSvBbotJEjmIwNHL7vK4QzBJTdBRoB+c1ww=="
  "resolved" "https://registry.npmjs.org/@floating-ui/utils/-/utils-0.2.3.tgz"
  "version" "0.2.3"

"@jridgewell/sourcemap-codec@^1.4.15":
  "integrity" "sha512-eF2rxCRulEKXHTRiDrDy6erMYWqNw4LPdQ8UQA4huuxaQsVeRPFl2oM8oDGxMFhJUWZf9McpLtJasDDZb/Bpeg=="
  "resolved" "https://registry.npmjs.org/@jridgewell/sourcemap-codec/-/sourcemap-codec-1.4.15.tgz"
  "version" "1.4.15"

"@nodelib/fs.scandir@2.1.5":
  "integrity" "sha512-vq24Bq3ym5HEQm2NKCr3yXDwjc7vTsEThRDnkp2DK9p1uqLR+DHurm/NOTo0KG7HYHU7eppKZj3MyqYuMBf62g=="
  "resolved" "https://registry.npmjs.org/@nodelib/fs.scandir/-/fs.scandir-2.1.5.tgz"
  "version" "2.1.5"
  dependencies:
    "@nodelib/fs.stat" "2.0.5"
    "run-parallel" "^1.1.9"

"@nodelib/fs.stat@^2.0.2", "@nodelib/fs.stat@2.0.5":
  "integrity" "sha512-RkhPPp2zrqDAQA/2jNhnztcPAlv64XdhIp7a7454A5ovI7Bukxgt7MX7udwAu3zg1DcpPU0rz3VV1SeaqvY4+A=="
  "resolved" "https://registry.npmjs.org/@nodelib/fs.stat/-/fs.stat-2.0.5.tgz"
  "version" "2.0.5"

"@nodelib/fs.walk@^1.2.3":
  "integrity" "sha512-oGB+UxlgWcgQkgwo8GcEGwemoTFt3FIO9ababBmaGwXIoBKZ+GTy0pP185beGg7Llih/NSHSV2XAs1lnznocSg=="
  "resolved" "https://registry.npmjs.org/@nodelib/fs.walk/-/fs.walk-1.2.8.tgz"
  "version" "1.2.8"
  dependencies:
    "@nodelib/fs.scandir" "2.1.5"
    "fastq" "^1.6.0"

"@popperjs/core@npm:@sxzz/popperjs-es@^2.11.7":
  "integrity" "sha512-Ccy0NlLkzr0Ex2FKvh2X+OyERHXJ88XJ1MXtsI9y9fGexlaXaVTPzBCRBwIxFkORuOb+uBqeu+RqnpgYTEZRUQ=="
  "resolved" "https://registry.npmjs.org/@sxzz/popperjs-es/-/popperjs-es-2.11.7.tgz"
  "version" "2.11.7"

"@rollup/pluginutils@^5.0.2", "@rollup/pluginutils@^5.1.0":
  "integrity" "sha512-XTIWOPPcpvyKI6L1NHo0lFlCyznUEyPmPY1mc3KpPVDYulHSTvyeLNVW00QTLIAFNhR3kYnJTQHeGqU4M3n09g=="
  "resolved" "https://registry.npmjs.org/@rollup/pluginutils/-/pluginutils-5.1.0.tgz"
  "version" "5.1.0"
  dependencies:
    "@types/estree" "^1.0.0"
    "estree-walker" "^2.0.2"
    "picomatch" "^2.3.1"

"@rollup/rollup-win32-x64-msvc@4.18.0":
  "integrity" "sha512-UOo5FdvOL0+eIVTgS4tIdbW+TtnBLWg1YBCcU2KWM7nuNwRz9bksDX1bekJJCpu25N1DVWaCwnT39dVQxzqS8g=="
  "resolved" "https://registry.npmjs.org/@rollup/rollup-win32-x64-msvc/-/rollup-win32-x64-msvc-4.18.0.tgz"
  "version" "4.18.0"

"@simonwep/pickr@~1.8.0":
  "integrity" "sha512-/l5w8BIkrpP6n1xsetx9MWPWlU6OblN5YgZZphxan0Tq4BByTCETL6lyIeY8lagalS2Nbt4F2W034KHLIiunKA=="
  "resolved" "https://registry.npmjs.org/@simonwep/pickr/-/pickr-1.8.2.tgz"
  "version" "1.8.2"
  dependencies:
    "core-js" "^3.15.1"
    "nanopop" "^2.1.0"

"@types/estree@^1.0.0", "@types/estree@1.0.5":
  "integrity" "sha512-/kYRxGDLWzHOB7q+wtSUQlFrtcdUccpfy+X+9iMBpHK8QLLhx2wIPYuS5DYtR9Wa/YlZAbIovy7qVdB1Aq6Lyw=="
  "resolved" "https://registry.npmjs.org/@types/estree/-/estree-1.0.5.tgz"
  "version" "1.0.5"

"@types/lodash-es@*", "@types/lodash-es@^4.17.6":
  "integrity" "sha512-0NgftHUcV4v34VhXm8QBSftKVXtbkBG3ViCjs6+eJ5a6y6Mi/jiFGPc1sC7QK+9BFhWrURE3EOggmWaSxL9OzQ=="
  "resolved" "https://registry.npmjs.org/@types/lodash-es/-/lodash-es-4.17.12.tgz"
  "version" "4.17.12"
  dependencies:
    "@types/lodash" "*"

"@types/lodash@*", "@types/lodash@^4.14.182":
  "integrity" "sha512-MBIOHVZqVqgfro1euRDWX7OO0fBVUUMrN6Pwm8LQsz8cWhEpihlvR70ENj3f40j58TNxZaWv2ndSkInykNBBJw=="
  "resolved" "https://registry.npmjs.org/@types/lodash/-/lodash-4.17.5.tgz"
  "version" "4.17.5"

"@types/web-bluetooth@^0.0.16":
  "integrity" "sha512-oh8q2Zc32S6gd/j50GowEjKLoOVOwHP/bWVjKJInBwQqdOYMdPrf1oVlelTlyfFK3CKxL1uahMDAr+vy8T7yMQ=="
  "resolved" "https://registry.npmjs.org/@types/web-bluetooth/-/web-bluetooth-0.0.16.tgz"
  "version" "0.0.16"

"@vitejs/plugin-vue@^5.0.5":
  "integrity" "sha512-LOjm7XeIimLBZyzinBQ6OSm3UBCNVCpLkxGC0oWmm2YPzVZoxMsdvNVimLTBzpAnR9hl/yn1SHGuRfe6/Td9rQ=="
  "resolved" "https://registry.npmjs.org/@vitejs/plugin-vue/-/plugin-vue-5.0.5.tgz"
  "version" "5.0.5"

"@vue/compiler-core@3.4.30":
  "integrity" "sha512-ZL8y4Xxdh8O6PSwfdZ1IpQ24PjTAieOz3jXb/MDTfDtANcKBMxg1KLm6OX2jofsaQGYfIVzd3BAG22i56/cF1w=="
  "resolved" "https://registry.npmjs.org/@vue/compiler-core/-/compiler-core-3.4.30.tgz"
  "version" "3.4.30"
  dependencies:
    "@babel/parser" "^7.24.7"
    "@vue/shared" "3.4.30"
    "entities" "^4.5.0"
    "estree-walker" "^2.0.2"
    "source-map-js" "^1.2.0"

"@vue/compiler-dom@3.4.30":
  "integrity" "sha512-+16Sd8lYr5j/owCbr9dowcNfrHd+pz+w2/b5Lt26Oz/kB90C9yNbxQ3bYOvt7rI2bxk0nqda39hVcwDFw85c2Q=="
  "resolved" "https://registry.npmjs.org/@vue/compiler-dom/-/compiler-dom-3.4.30.tgz"
  "version" "3.4.30"
  dependencies:
    "@vue/compiler-core" "3.4.30"
    "@vue/shared" "3.4.30"

"@vue/compiler-sfc@3.4.30":
  "integrity" "sha512-8vElKklHn/UY8+FgUFlQrYAPbtiSB2zcgeRKW7HkpSRn/JjMRmZvuOtwDx036D1aqKNSTtXkWRfqx53Qb+HmMg=="
  "resolved" "https://registry.npmjs.org/@vue/compiler-sfc/-/compiler-sfc-3.4.30.tgz"
  "version" "3.4.30"
  dependencies:
    "@babel/parser" "^7.24.7"
    "@vue/compiler-core" "3.4.30"
    "@vue/compiler-dom" "3.4.30"
    "@vue/compiler-ssr" "3.4.30"
    "@vue/shared" "3.4.30"
    "estree-walker" "^2.0.2"
    "magic-string" "^0.30.10"
    "postcss" "^8.4.38"
    "source-map-js" "^1.2.0"

"@vue/compiler-ssr@3.4.30":
  "integrity" "sha512-ZJ56YZGXJDd6jky4mmM0rNaNP6kIbQu9LTKZDhcpddGe/3QIalB1WHHmZ6iZfFNyj5mSypTa4+qDJa5VIuxMSg=="
  "resolved" "https://registry.npmjs.org/@vue/compiler-ssr/-/compiler-ssr-3.4.30.tgz"
  "version" "3.4.30"
  dependencies:
    "@vue/compiler-dom" "3.4.30"
    "@vue/shared" "3.4.30"

"@vue/devtools-api@^6.0.0", "@vue/devtools-api@^6.4.5":
  "integrity" "sha512-0MiMsFma/HqA6g3KLKn+AGpL1kgKhFWszC9U29NfpWK5LE7bjeXxySWJrOJ77hBz+TBrBQ7o4QJqbPbqbs8rJw=="
  "resolved" "https://registry.npmjs.org/@vue/devtools-api/-/devtools-api-6.6.3.tgz"
  "version" "6.6.3"

"@vue/reactivity@3.4.30":
  "integrity" "sha512-bVJurnCe3LS0JII8PPoAA63Zd2MBzcKrEzwdQl92eHCcxtIbxD2fhNwJpa+KkM3Y/A4T5FUnmdhgKwOf6BfbcA=="
  "resolved" "https://registry.npmjs.org/@vue/reactivity/-/reactivity-3.4.30.tgz"
  "version" "3.4.30"
  dependencies:
    "@vue/shared" "3.4.30"

"@vue/runtime-core@3.4.30":
  "integrity" "sha512-qaFEbnNpGz+tlnkaualomogzN8vBLkgzK55uuWjYXbYn039eOBZrWxyXWq/7qh9Bz2FPifZqGjVDl/FXiq9L2g=="
  "resolved" "https://registry.npmjs.org/@vue/runtime-core/-/runtime-core-3.4.30.tgz"
  "version" "3.4.30"
  dependencies:
    "@vue/reactivity" "3.4.30"
    "@vue/shared" "3.4.30"

"@vue/runtime-dom@3.4.30":
  "integrity" "sha512-tV6B4YiZRj5QsaJgw2THCy5C1H+2UeywO9tqgWEc21tn85qHEERndHN/CxlyXvSBFrpmlexCIdnqPuR9RM9thw=="
  "resolved" "https://registry.npmjs.org/@vue/runtime-dom/-/runtime-dom-3.4.30.tgz"
  "version" "3.4.30"
  dependencies:
    "@vue/reactivity" "3.4.30"
    "@vue/runtime-core" "3.4.30"
    "@vue/shared" "3.4.30"
    "csstype" "^3.1.3"

"@vue/server-renderer@3.4.30":
  "integrity" "sha512-TBD3eqR1DeDc0cMrXS/vEs/PWzq1uXxnvjoqQuDGFIEHFIwuDTX/KWAQKIBjyMWLFHEeTDGYVsYci85z2UbTDg=="
  "resolved" "https://registry.npmjs.org/@vue/server-renderer/-/server-renderer-3.4.30.tgz"
  "version" "3.4.30"
  dependencies:
    "@vue/compiler-ssr" "3.4.30"
    "@vue/shared" "3.4.30"

"@vue/shared@3.4.30":
  "integrity" "sha512-CLg+f8RQCHQnKvuHY9adMsMaQOcqclh6Z5V9TaoMgy0ut0tz848joZ7/CYFFyF/yZ5i2yaw7Fn498C+CNZVHIg=="
  "resolved" "https://registry.npmjs.org/@vue/shared/-/shared-3.4.30.tgz"
  "version" "3.4.30"

"@vueuse/core@*", "@vueuse/core@^9.1.0":
  "integrity" "sha512-pujnclbeHWxxPRqXWmdkKV5OX4Wk4YeK7wusHqRwU0Q7EFusHoqNA/aPhB6KCh9hEqJkLAJo7bb0Lh9b+OIVzw=="
  "resolved" "https://registry.npmjs.org/@vueuse/core/-/core-9.13.0.tgz"
  "version" "9.13.0"
  dependencies:
    "@types/web-bluetooth" "^0.0.16"
    "@vueuse/metadata" "9.13.0"
    "@vueuse/shared" "9.13.0"
    "vue-demi" "*"

"@vueuse/metadata@9.13.0":
  "integrity" "sha512-gdU7TKNAUVlXXLbaF+ZCfte8BjRJQWPCa2J55+7/h+yDtzw3vOoGQDRXzI6pyKyo6bXFT5/QoPE4hAknExjRLQ=="
  "resolved" "https://registry.npmjs.org/@vueuse/metadata/-/metadata-9.13.0.tgz"
  "version" "9.13.0"

"@vueuse/shared@9.13.0":
  "integrity" "sha512-UrnhU+Cnufu4S6JLCPZnkWh0WwZGUp72ktOF2DFptMlOs3TOdVv8xJN53zhHGARmVOsz5KqOls09+J1NR6sBKw=="
  "resolved" "https://registry.npmjs.org/@vueuse/shared/-/shared-9.13.0.tgz"
  "version" "9.13.0"
  dependencies:
    "vue-demi" "*"

"acorn@^8.11.3":
  "integrity" "sha512-RTvkC4w+KNXrM39/lWCUaG0IbRkWdCv7W/IOW9oU6SawyxulvkQy5HQPVTKxEjczcUvapcrw3cFx/60VN/NRNw=="
  "resolved" "https://registry.npmjs.org/acorn/-/acorn-8.12.0.tgz"
  "version" "8.12.0"

"ant-design-vue@^4.2.3":
  "integrity" "sha512-kqGyWvZtFlSInFP93Ow6wS8LzEsxxUgpI+ZY5jQQkuX8WAcqdwXCA7IcHMpECW6JB89DZMo2Bw85jUg2SjlgQA=="
  "resolved" "https://registry.npmjs.org/ant-design-vue/-/ant-design-vue-4.2.3.tgz"
  "version" "4.2.3"
  dependencies:
    "@ant-design/colors" "^6.0.0"
    "@ant-design/icons-vue" "^7.0.0"
    "@babel/runtime" "^7.10.5"
    "@ctrl/tinycolor" "^3.5.0"
    "@emotion/hash" "^0.9.0"
    "@emotion/unitless" "^0.8.0"
    "@simonwep/pickr" "~1.8.0"
    "array-tree-filter" "^2.1.0"
    "async-validator" "^4.0.0"
    "csstype" "^3.1.1"
    "dayjs" "^1.10.5"
    "dom-align" "^1.12.1"
    "dom-scroll-into-view" "^2.0.0"
    "lodash" "^4.17.21"
    "lodash-es" "^4.17.15"
    "resize-observer-polyfill" "^1.5.1"
    "scroll-into-view-if-needed" "^2.2.25"
    "shallow-equal" "^1.0.0"
    "stylis" "^4.1.3"
    "throttle-debounce" "^5.0.0"
    "vue-types" "^3.0.0"
    "warning" "^4.0.0"

"anymatch@~3.1.2":
  "integrity" "sha512-KMReFUr0B4t+D+OBkjR3KYqvocp2XaSzO55UcB6mgQMd3KbcE+mWTyvVV7D/zsdEbNnV6acZUutkiHQXvTr1Rw=="
  "resolved" "https://registry.npmjs.org/anymatch/-/anymatch-3.1.3.tgz"
  "version" "3.1.3"
  dependencies:
    "normalize-path" "^3.0.0"
    "picomatch" "^2.0.4"

"array-tree-filter@^2.1.0":
  "integrity" "sha512-4ROwICNlNw/Hqa9v+rk5h22KjmzB1JGTMVKP2AKJBOCgb0yL0ASf0+YvCcLNNwquOHNX48jkeZIJ3a+oOQqKcw=="
  "resolved" "https://registry.npmjs.org/array-tree-filter/-/array-tree-filter-2.1.0.tgz"
  "version" "2.1.0"

"async-validator@^4.0.0", "async-validator@^4.2.5":
  "integrity" "sha512-7HhHjtERjqlNbZtqNqy2rckN/SpOOlmDliet+lP7k+eKZEjPk3DgyeU9lIXLdeLz0uBbbVp+9Qdow9wJWgwwfg=="
  "resolved" "https://registry.npmjs.org/async-validator/-/async-validator-4.2.5.tgz"
  "version" "4.2.5"

"asynckit@^0.4.0":
  "integrity" "sha512-Oei9OH4tRh0YqU3GxhX79dM/mwVgvbZJaSNaRk+bshkj0S5cfHcgYakreBjrHwatXKbz+IoIdYLxrKim2MjW0Q=="
  "resolved" "https://registry.npmjs.org/asynckit/-/asynckit-0.4.0.tgz"
  "version" "0.4.0"

"axios@1.2.2":
  "integrity" "sha512-bz/J4gS2S3I7mpN/YZfGFTqhXTYzRho8Ay38w2otuuDR322KzFIWm/4W2K6gIwvWaws5n+mnb7D1lN9uD+QH6Q=="
  "resolved" "https://registry.npmjs.org/axios/-/axios-1.2.2.tgz"
  "version" "1.2.2"
  dependencies:
    "follow-redirects" "^1.15.0"
    "form-data" "^4.0.0"
    "proxy-from-env" "^1.1.0"

"balanced-match@^1.0.0":
  "integrity" "sha512-3oSeUO0TMV67hN1AmbXsK4yaqU7tjiHlbxRDZOpH0KW9+CeX4bRAaX0Anxt0tx2MrpRpWwQaPwIlISEJhYU5Pw=="
  "resolved" "https://registry.npmjs.org/balanced-match/-/balanced-match-1.0.2.tgz"
  "version" "1.0.2"

"binary-extensions@^2.0.0":
  "integrity" "sha512-Ceh+7ox5qe7LJuLHoY0feh3pHuUDHAcRUeyL2VYghZwfpkNIy/+8Ocg0a3UuSoYzavmylwuLWQOf3hl0jjMMIw=="
  "resolved" "https://registry.npmjs.org/binary-extensions/-/binary-extensions-2.3.0.tgz"
  "version" "2.3.0"

"brace-expansion@^2.0.1":
  "integrity" "sha512-XnAIvQ8eM+kC6aULx6wuQiwVsnzsi9d3WxzV3FpWTGA19F621kwdbsAcFKXgKUHZWsy+mY6iL1sHTxWEFCytDA=="
  "resolved" "https://registry.npmjs.org/brace-expansion/-/brace-expansion-2.0.1.tgz"
  "version" "2.0.1"
  dependencies:
    "balanced-match" "^1.0.0"

"braces@^3.0.3", "braces@~3.0.2":
  "integrity" "sha512-yQbXgO/OSZVD2IsiLlro+7Hf6Q18EJrKSEsdoMzKePKXct3gvD8oLcOQdIzGupr5Fj+EDe8gO/lxc1BzfMpxvA=="
  "resolved" "https://registry.npmjs.org/braces/-/braces-3.0.3.tgz"
  "version" "3.0.3"
  dependencies:
    "fill-range" "^7.1.1"

"chokidar@^3.5.3", "chokidar@^3.6.0", "chokidar@>=3.0.0 <4.0.0":
  "integrity" "sha512-7VT13fmjotKpGipCW9JEQAusEPE+Ei8nl6/g4FBAmIm0GOOLMua9NDDo/DWp0ZAxCr3cPq5ZpBqmPAQgDda2Pw=="
  "resolved" "https://registry.npmjs.org/chokidar/-/chokidar-3.6.0.tgz"
  "version" "3.6.0"
  dependencies:
    "anymatch" "~3.1.2"
    "braces" "~3.0.2"
    "glob-parent" "~5.1.2"
    "is-binary-path" "~2.1.0"
    "is-glob" "~4.0.1"
    "normalize-path" "~3.0.0"
    "readdirp" "~3.6.0"
  optionalDependencies:
    "fsevents" "~2.3.2"

"combined-stream@^1.0.8":
  "integrity" "sha512-FQN4MRfuJeHf7cBbBMJFXhKSDq+2kAArBlmRBvcvFE5BB1HZKXtSFASDhdlz9zOYwxh8lDdnvmMOe/+5cdoEdg=="
  "resolved" "https://registry.npmjs.org/combined-stream/-/combined-stream-1.0.8.tgz"
  "version" "1.0.8"
  dependencies:
    "delayed-stream" "~1.0.0"

"compute-scroll-into-view@^1.0.20":
  "integrity" "sha512-UCB0ioiyj8CRjtrvaceBLqqhZCVP+1B8+NWQhmdsm0VXOJtobBCf1dBQmebCCo34qZmUwZfIH2MZLqNHazrfjg=="
  "resolved" "https://registry.npmjs.org/compute-scroll-into-view/-/compute-scroll-into-view-1.0.20.tgz"
  "version" "1.0.20"

"confbox@^0.1.7":
  "integrity" "sha512-uJcB/FKZtBMCJpK8MQji6bJHgu1tixKPxRLeGkNzBoOZzpnZUJm0jm2/sBDWcuBx1dYgxV4JU+g5hmNxCyAmdA=="
  "resolved" "https://registry.npmjs.org/confbox/-/confbox-0.1.7.tgz"
  "version" "0.1.7"

"core-js@^3.15.1":
  "integrity" "sha512-Xn6qmxrQZyB0FFY8E3bgRXei3lWDJHhvI+u0q9TKIYM49G8pAr0FgnnrFRAmsbptZL1yxRADVXn+x5AGsbBfyw=="
  "resolved" "https://registry.npmjs.org/core-js/-/core-js-3.37.1.tgz"
  "version" "3.37.1"

"csstype@^3.1.1", "csstype@^3.1.3":
  "integrity" "sha512-M1uQkMl8rQK/szD0LNhtqxIPLpimGm8sOBwU7lLnCpSbTyY3yeU1Vc7l4KT5zT4s/yOxHH5O7tIuuLOCnLADRw=="
  "resolved" "https://registry.npmjs.org/csstype/-/csstype-3.1.3.tgz"
  "version" "3.1.3"

"dayjs@^1.10.5", "dayjs@^1.11.3":
  "integrity" "sha512-okzr3f11N6WuqYtZSvm+F776mB41wRZMhKP+hc34YdW+KmtYYK9iqvHSwo2k9FEH3fhGXvOPV6yz2IcSrfRUDg=="
  "resolved" "https://registry.npmjs.org/dayjs/-/dayjs-1.11.11.tgz"
  "version" "1.11.11"

"debug@^4.3.4":
  "integrity" "sha512-pt0bNEmneDIvdL1Xsd9oDQ/wrQRkXDT4AUWlNZNPKvW5x/jyO9VFXkJUP07vQ2upmw5PlaITaPKc31jK13V+jg=="
  "resolved" "https://registry.npmjs.org/debug/-/debug-4.3.5.tgz"
  "version" "4.3.5"
  dependencies:
    "ms" "2.1.2"

"delayed-stream@~1.0.0":
  "integrity" "sha512-ZySD7Nf91aLB0RxL4KGrKHBXl7Eds1DAmEdcoVawXnLD7SDhpNgtuII2aAkg7a7QS41jxPSZ17p4VdGnMHk3MQ=="
  "resolved" "https://registry.npmjs.org/delayed-stream/-/delayed-stream-1.0.0.tgz"
  "version" "1.0.0"

"dom-align@^1.12.1":
  "integrity" "sha512-R8LUSEay/68zE5c8/3BDxiTEvgb4xZTF0RKmAHfiEVN3klfIpXfi2/QCoiWPccVQ0J/ZGdz9OjzL4uJEP/MRAw=="
  "resolved" "https://registry.npmjs.org/dom-align/-/dom-align-1.12.4.tgz"
  "version" "1.12.4"

"dom-scroll-into-view@^2.0.0":
  "integrity" "sha512-bvVTQe1lfaUr1oFzZX80ce9KLDlZ3iU+XGNE/bz9HnGdklTieqsbmsLHe+rT2XWqopvL0PckkYqN7ksmm5pe3w=="
  "resolved" "https://registry.npmjs.org/dom-scroll-into-view/-/dom-scroll-into-view-2.0.1.tgz"
  "version" "2.0.1"

"echarts@5.4.2":
  "integrity" "sha512-2W3vw3oI2tWJdyAz+b8DuWS0nfXtSDqlDmqgin/lfzbkB01cuMEN66KWBlmur3YMp5nEDEEt5s23pllnAzB4EA=="
  "resolved" "https://registry.npmjs.org/echarts/-/echarts-5.4.2.tgz"
  "version" "5.4.2"
  dependencies:
    "tslib" "2.3.0"
    "zrender" "5.4.3"

"element-plus@2.2.27":
  "integrity" "sha512-P04HDOZBYDdvlYuleuCZRULzAc5xJVOBfLDK9xWxVo0vyo8ntdaXS5sTU+/76vrNzuO3FhLn9kvrsbiJEVa1jg=="
  "resolved" "https://registry.npmjs.org/element-plus/-/element-plus-2.2.27.tgz"
  "version" "2.2.27"
  dependencies:
    "@ctrl/tinycolor" "^3.4.1"
    "@element-plus/icons-vue" "^2.0.6"
    "@floating-ui/dom" "^1.0.1"
    "@popperjs/core" "npm:@sxzz/popperjs-es@^2.11.7"
    "@types/lodash" "^4.14.182"
    "@types/lodash-es" "^4.17.6"
    "@vueuse/core" "^9.1.0"
    "async-validator" "^4.2.5"
    "dayjs" "^1.11.3"
    "escape-html" "^1.0.3"
    "lodash" "^4.17.21"
    "lodash-es" "^4.17.21"
    "lodash-unified" "^1.0.2"
    "memoize-one" "^6.0.0"
    "normalize-wheel-es" "^1.2.0"

"entities@^4.5.0":
  "integrity" "sha512-V0hjH4dGPh9Ao5p0MoRY6BVqtwCjhz6vI5LT8AJ55H+4g9/4vbHx1I54fS0XuclLhDHArPQCiMjDxjaL8fPxhw=="
  "resolved" "https://registry.npmjs.org/entities/-/entities-4.5.0.tgz"
  "version" "4.5.0"

"esbuild@^0.21.3":
  "integrity" "sha512-mg3OPMV4hXywwpoDxu3Qda5xCKQi+vCTZq8S9J/EpkhB2HzKXq4SNFZE3+NK93JYxc8VMSep+lOUSC/RVKaBqw=="
  "resolved" "https://registry.npmjs.org/esbuild/-/esbuild-0.21.5.tgz"
  "version" "0.21.5"
  optionalDependencies:
    "@esbuild/aix-ppc64" "0.21.5"
    "@esbuild/android-arm" "0.21.5"
    "@esbuild/android-arm64" "0.21.5"
    "@esbuild/android-x64" "0.21.5"
    "@esbuild/darwin-arm64" "0.21.5"
    "@esbuild/darwin-x64" "0.21.5"
    "@esbuild/freebsd-arm64" "0.21.5"
    "@esbuild/freebsd-x64" "0.21.5"
    "@esbuild/linux-arm" "0.21.5"
    "@esbuild/linux-arm64" "0.21.5"
    "@esbuild/linux-ia32" "0.21.5"
    "@esbuild/linux-loong64" "0.21.5"
    "@esbuild/linux-mips64el" "0.21.5"
    "@esbuild/linux-ppc64" "0.21.5"
    "@esbuild/linux-riscv64" "0.21.5"
    "@esbuild/linux-s390x" "0.21.5"
    "@esbuild/linux-x64" "0.21.5"
    "@esbuild/netbsd-x64" "0.21.5"
    "@esbuild/openbsd-x64" "0.21.5"
    "@esbuild/sunos-x64" "0.21.5"
    "@esbuild/win32-arm64" "0.21.5"
    "@esbuild/win32-ia32" "0.21.5"
    "@esbuild/win32-x64" "0.21.5"

"escape-html@^1.0.3":
  "integrity" "sha512-NiSupZ4OeuGwr68lGIeym/ksIZMJodUGOSCZ/FSnTxcrekbvqrgdUxlJOMpijaKZVjAJrWrGs/6Jy8OMuyj9ow=="
  "resolved" "https://registry.npmjs.org/escape-html/-/escape-html-1.0.3.tgz"
  "version" "1.0.3"

"escape-string-regexp@^5.0.0":
  "integrity" "sha512-/veY75JbMK4j1yjvuUxuVsiS/hr/4iHs9FTT6cgTexxdE0Ly/glccBAkloH/DofkjRbZU3bnoj38mOmhkZ0lHw=="
  "resolved" "https://registry.npmjs.org/escape-string-regexp/-/escape-string-regexp-5.0.0.tgz"
  "version" "5.0.0"

"estree-walker@^2.0.2":
  "integrity" "sha512-Rfkk/Mp/DL7JVje3u18FxFujQlTNR2q6QfMSMB7AvCBx91NGj/ba3kCfza0f6dVDbw7YlRf/nDrn7pQrCCyQ/w=="
  "resolved" "https://registry.npmjs.org/estree-walker/-/estree-walker-2.0.2.tgz"
  "version" "2.0.2"

"estree-walker@^3.0.3":
  "integrity" "sha512-7RUKfXgSMMkzt6ZuXmqapOurLGPPfgj6l9uRZ7lRGolvk0y2yocc35LdcxKC5PQZdn2DMqioAQ2NoWcrTKmm6g=="
  "resolved" "https://registry.npmjs.org/estree-walker/-/estree-walker-3.0.3.tgz"
  "version" "3.0.3"
  dependencies:
    "@types/estree" "^1.0.0"

"fast-glob@^3.2.12", "fast-glob@^3.3.0", "fast-glob@^3.3.2":
  "integrity" "sha512-oX2ruAFQwf/Orj8m737Y5adxDQO0LAB7/S5MnxCdTNDd4p6BsyIVsv9JQsATbTSq8KHRpLwIHbVlUNatxd+1Ow=="
  "resolved" "https://registry.npmjs.org/fast-glob/-/fast-glob-3.3.2.tgz"
  "version" "3.3.2"
  dependencies:
    "@nodelib/fs.stat" "^2.0.2"
    "@nodelib/fs.walk" "^1.2.3"
    "glob-parent" "^5.1.2"
    "merge2" "^1.3.0"
    "micromatch" "^4.0.4"

"fastq@^1.6.0":
  "integrity" "sha512-sRVD3lWVIXWg6By68ZN7vho9a1pQcN/WBFaAAsDDFzlJjvoGx0P8z7V1t72grFJfJhu3YPZBuu25f7Kaw2jN1w=="
  "resolved" "https://registry.npmjs.org/fastq/-/fastq-1.17.1.tgz"
  "version" "1.17.1"
  dependencies:
    "reusify" "^1.0.4"

"fill-range@^7.1.1":
  "integrity" "sha512-YsGpe3WHLK8ZYi4tWDg2Jy3ebRz2rXowDxnld4bkQB00cc/1Zw9AWnC0i9ztDJitivtQvaI9KaLyKrc+hBW0yg=="
  "resolved" "https://registry.npmjs.org/fill-range/-/fill-range-7.1.1.tgz"
  "version" "7.1.1"
  dependencies:
    "to-regex-range" "^5.0.1"

"follow-redirects@^1.15.0":
  "integrity" "sha512-wWN62YITEaOpSK584EZXJafH1AGpO8RVgElfkuXbTOrPX4fIfOyEpW/CsiNd8JdYrAoOvafRTOEnvsO++qCqFA=="
  "resolved" "https://registry.npmjs.org/follow-redirects/-/follow-redirects-1.15.6.tgz"
  "version" "1.15.6"

"form-data@^4.0.0":
  "integrity" "sha512-ETEklSGi5t0QMZuiXoA/Q6vcnxcLQP5vdugSpuAyi6SVGi2clPPp+xgEhuMaHC+zGgn31Kd235W35f7Hykkaww=="
  "resolved" "https://registry.npmjs.org/form-data/-/form-data-4.0.0.tgz"
  "version" "4.0.0"
  dependencies:
    "asynckit" "^0.4.0"
    "combined-stream" "^1.0.8"
    "mime-types" "^2.1.12"

"function-bind@^1.1.2":
  "integrity" "sha512-7XHNxH7qX9xG5mIwxkhumTox/MIRNcOgDrxWsMt2pAr23WHp6MrRlN7FBSFpCpr+oVO0F744iUgR82nJMfG2SA=="
  "resolved" "https://registry.npmjs.org/function-bind/-/function-bind-1.1.2.tgz"
  "version" "1.1.2"

"glob-parent@^5.1.2", "glob-parent@~5.1.2":
  "integrity" "sha512-AOIgSQCepiJYwP3ARnGx+5VnTu2HBYdzbGP45eLw1vr3zB3vZLeyed1sC9hnbcOc9/SrMyM5RPQrkGz4aS9Zow=="
  "resolved" "https://registry.npmjs.org/glob-parent/-/glob-parent-5.1.2.tgz"
  "version" "5.1.2"
  dependencies:
    "is-glob" "^4.0.1"

"hasown@^2.0.2":
  "integrity" "sha512-0hJU9SCPvmMzIBdZFqNPXWa6dqh7WdH0cII9y+CyS8rG3nL48Bclra9HmKhVVUHyPWNH5Y7xDwAB7bfgSjkUMQ=="
  "resolved" "https://registry.npmjs.org/hasown/-/hasown-2.0.2.tgz"
  "version" "2.0.2"
  dependencies:
    "function-bind" "^1.1.2"

"immutable@^4.0.0":
  "integrity" "sha512-Ju0+lEMyzMVZarkTn/gqRpdqd5dOPaz1mCZ0SH3JV6iFw81PldE/PEB1hWVEA288HPt4WXW8O7AWxB10M+03QQ=="
  "resolved" "https://registry.npmjs.org/immutable/-/immutable-4.3.6.tgz"
  "version" "4.3.6"

"is-binary-path@~2.1.0":
  "integrity" "sha512-ZMERYes6pDydyuGidse7OsHxtbI7WVeUEozgR/g7rd0xUimYNlvZRE/K2MgZTjWy725IfelLeVcEM97mmtRGXw=="
  "resolved" "https://registry.npmjs.org/is-binary-path/-/is-binary-path-2.1.0.tgz"
  "version" "2.1.0"
  dependencies:
    "binary-extensions" "^2.0.0"

"is-core-module@^2.13.0":
  "integrity" "sha512-a5dFJih5ZLYlRtDc0dZWP7RiKr6xIKzmn/oAYCDvdLThadVgyJwlaoQPmRtMSpz+rk0OGAgIu+TcM9HUF0fk1A=="
  "resolved" "https://registry.npmjs.org/is-core-module/-/is-core-module-2.14.0.tgz"
  "version" "2.14.0"
  dependencies:
    "hasown" "^2.0.2"

"is-extglob@^2.1.1":
  "integrity" "sha512-SbKbANkN603Vi4jEZv49LeVJMn4yGwsbzZworEoyEiutsN3nJYdbO36zfhGJ6QEDpOZIFkDtnq5JRxmvl3jsoQ=="
  "resolved" "https://registry.npmjs.org/is-extglob/-/is-extglob-2.1.1.tgz"
  "version" "2.1.1"

"is-glob@^4.0.1", "is-glob@~4.0.1":
  "integrity" "sha512-xelSayHH36ZgE7ZWhli7pW34hNbNl8Ojv5KVmkJD4hBdD3th8Tfk9vYasLM+mXWOZhFkgZfxhLSnrwRr4elSSg=="
  "resolved" "https://registry.npmjs.org/is-glob/-/is-glob-4.0.3.tgz"
  "version" "4.0.3"
  dependencies:
    "is-extglob" "^2.1.1"

"is-number@^7.0.0":
  "integrity" "sha512-41Cifkg6e8TylSpdtTpeLVMqvSBEVzTttHvERD741+pnZ8ANv0004MRL43QKPDlK9cGvNp6NZWZUBlbGXYxxng=="
  "resolved" "https://registry.npmjs.org/is-number/-/is-number-7.0.0.tgz"
  "version" "7.0.0"

"is-plain-object@3.0.1":
  "integrity" "sha512-Xnpx182SBMrr/aBik8y+GuR4U1L9FqMSojwDQwPMmxyC6bvEqly9UBCxhauBF5vNh2gwWJNX6oDV7O+OM4z34g=="
  "resolved" "https://registry.npmjs.org/is-plain-object/-/is-plain-object-3.0.1.tgz"
  "version" "3.0.1"

"js-tokens@^3.0.0 || ^4.0.0":
  "integrity" "sha512-RdJUflcE3cUzKiMqQgsCu06FPu9UdIJO0beYbPhHN4k6apgJtifcoCtT9bcxOpYBtpD2kCM6Sbzg4CausW/PKQ=="
  "resolved" "https://registry.npmjs.org/js-tokens/-/js-tokens-4.0.0.tgz"
  "version" "4.0.0"

"js-tokens@^9.0.0":
  "integrity" "sha512-WriZw1luRMlmV3LGJaR6QOJjWwgLUTf89OwT2lUOyjX2dJGBwgmIkbcz+7WFZjrZM635JOIR517++e/67CP9dQ=="
  "resolved" "https://registry.npmjs.org/js-tokens/-/js-tokens-9.0.0.tgz"
  "version" "9.0.0"

"local-pkg@^0.4.3":
  "integrity" "sha512-SFppqq5p42fe2qcZQqqEOiVRXl+WCP1MdT6k7BDEW1j++sp5fIY+/fdRQitvKgB5BrBcmrs5m/L0v2FrU5MY1g=="
  "resolved" "https://registry.npmjs.org/local-pkg/-/local-pkg-0.4.3.tgz"
  "version" "0.4.3"

"local-pkg@^0.5.0":
  "integrity" "sha512-ok6z3qlYyCDS4ZEU27HaU6x/xZa9Whf8jD4ptH5UZTQYZVYeb9bnZ3ojVhiJNLiXK1Hfc0GNbLXcmZ5plLDDBg=="
  "resolved" "https://registry.npmjs.org/local-pkg/-/local-pkg-0.5.0.tgz"
  "version" "0.5.0"
  dependencies:
    "mlly" "^1.4.2"
    "pkg-types" "^1.0.3"

"lodash-es@*", "lodash-es@^4.17.15", "lodash-es@^4.17.21":
  "integrity" "sha512-mKnC+QJ9pWVzv+C4/U3rRsHapFfHvQFoFB92e52xeyGMcX6/OlIl78je1u8vePzYZSkkogMPJ2yjxxsb89cxyw=="
  "resolved" "https://registry.npmjs.org/lodash-es/-/lodash-es-4.17.21.tgz"
  "version" "4.17.21"

"lodash-unified@^1.0.2":
  "integrity" "sha512-WK9qSozxXOD7ZJQlpSqOT+om2ZfcT4yO+03FuzAHD0wF6S0l0090LRPDx3vhTTLZ8cFKpBn+IOcVXK6qOcIlfQ=="
  "resolved" "https://registry.npmjs.org/lodash-unified/-/lodash-unified-1.0.3.tgz"
  "version" "1.0.3"

"lodash@*", "lodash@^4.17.21":
  "integrity" "sha512-v2kDEe57lecTulaDIuNTPy3Ry4gLGJ6Z1O3vE1krgXZNrsQ+LFTGHVxVjcXPs17LhbZVGedAJv8XZ1tvj5FvSg=="
  "resolved" "https://registry.npmjs.org/lodash/-/lodash-4.17.21.tgz"
  "version" "4.17.21"

"loose-envify@^1.0.0":
  "integrity" "sha512-lyuxPGr/Wfhrlem2CL/UcnUc1zcqKAImBDzukY7Y5F/yQiNdko6+fRLevlw1HgMySw7f611UIY408EtxRSoK3Q=="
  "resolved" "https://registry.npmjs.org/loose-envify/-/loose-envify-1.4.0.tgz"
  "version" "1.4.0"
  dependencies:
    "js-tokens" "^3.0.0 || ^4.0.0"

"magic-string@^0.30.0", "magic-string@^0.30.1", "magic-string@^0.30.10":
  "integrity" "sha512-iIRwTIf0QKV3UAnYK4PU8uiEc4SRh5jX0mwpIwETPpHdhVM4f53RSwS/vXvN1JhGX+Cs7B8qIq3d6AH49O5fAQ=="
  "resolved" "https://registry.npmjs.org/magic-string/-/magic-string-0.30.10.tgz"
  "version" "0.30.10"
  dependencies:
    "@jridgewell/sourcemap-codec" "^1.4.15"

"memoize-one@^6.0.0":
  "integrity" "sha512-rkpe71W0N0c0Xz6QD0eJETuWAJGnJ9afsl1srmwPrI+yBCkge5EycXXbYRyvL29zZVUWQCY7InPRCv3GDXuZNw=="
  "resolved" "https://registry.npmjs.org/memoize-one/-/memoize-one-6.0.0.tgz"
  "version" "6.0.0"

"merge2@^1.3.0":
  "integrity" "sha512-8q7VEgMJW4J8tcfVPy8g09NcQwZdbwFEqhe/WZkoIzjn/3TGDwtOCYtXGxA3O8tPzpczCCDgv+P2P5y00ZJOOg=="
  "resolved" "https://registry.npmjs.org/merge2/-/merge2-1.4.1.tgz"
  "version" "1.4.1"

"micromatch@^4.0.4":
  "integrity" "sha512-LPP/3KorzCwBxfeUuZmaR6bG2kdeHSbe0P2tY3FLRU4vYrjYz5hI4QZwV0njUx3jeuKe67YukQ1LSPZBKDqO/Q=="
  "resolved" "https://registry.npmjs.org/micromatch/-/micromatch-4.0.7.tgz"
  "version" "4.0.7"
  dependencies:
    "braces" "^3.0.3"
    "picomatch" "^2.3.1"

"mime-db@1.52.0":
  "integrity" "sha512-sPU4uV7dYlvtWJxwwxHD0PuihVNiE7TyAbQ5SWxDCB9mUYvOgroQOwYQQOKPJ8CIbE+1ETVlOoK1UC2nU3gYvg=="
  "resolved" "https://registry.npmjs.org/mime-db/-/mime-db-1.52.0.tgz"
  "version" "1.52.0"

"mime-types@^2.1.12":
  "integrity" "sha512-ZDY+bPm5zTTF+YpCrAU9nK0UgICYPT0QtT1NZWFv4s++TNkcgVaT0g6+4R2uI4MjQjzysHB1zxuWL50hzaeXiw=="
  "resolved" "https://registry.npmjs.org/mime-types/-/mime-types-2.1.35.tgz"
  "version" "2.1.35"
  dependencies:
    "mime-db" "1.52.0"

"minimatch@^9.0.1", "minimatch@^9.0.2":
  "integrity" "sha512-G6T0ZX48xgozx7587koeX9Ys2NYy6Gmv//P89sEte9V9whIapMNF4idKxnW2QtCcLiTWlb/wfCabAtAFWhhBow=="
  "resolved" "https://registry.npmjs.org/minimatch/-/minimatch-9.0.5.tgz"
  "version" "9.0.5"
  dependencies:
    "brace-expansion" "^2.0.1"

"mlly@^1.4.2", "mlly@^1.7.0":
  "integrity" "sha512-rrVRZRELyQzrIUAVMHxP97kv+G786pHmOKzuFII8zDYahFBS7qnHh2AlYSl1GAHhaMPCz6/oHjVMcfFYgFYHgA=="
  "resolved" "https://registry.npmjs.org/mlly/-/mlly-1.7.1.tgz"
  "version" "1.7.1"
  dependencies:
    "acorn" "^8.11.3"
    "pathe" "^1.1.2"
    "pkg-types" "^1.1.1"
    "ufo" "^1.5.3"

"ms@2.1.2":
  "integrity" "sha512-sGkPx+VjMtmA6MX27oA4FBFELFCZZ4S4XqeGOXCv68tT+jb3vk/RyaKWP0PTKyWtmLSM0b+adUTEvbs1PEaH2w=="
  "resolved" "https://registry.npmjs.org/ms/-/ms-2.1.2.tgz"
  "version" "2.1.2"

"nanoid@^3.3.7":
  "integrity" "sha512-eSRppjcPIatRIMC1U6UngP8XFcz8MQWGQdt1MTBQ7NaAmvXDfvNxbvWV3x2y6CdEUciCSsDHDQZbhYaB8QEo2g=="
  "resolved" "https://registry.npmjs.org/nanoid/-/nanoid-3.3.7.tgz"
  "version" "3.3.7"

"nanopop@^2.1.0":
  "integrity" "sha512-NzOgmMQ+elxxHeIha+OG/Pv3Oc3p4RU2aBhwWwAqDpXrdTbtRylbRLQztLy8dMMwfl6pclznBdfUhccEn9ZIzw=="
  "resolved" "https://registry.npmjs.org/nanopop/-/nanopop-2.4.2.tgz"
  "version" "2.4.2"

"normalize-path@^3.0.0", "normalize-path@~3.0.0":
  "integrity" "sha512-6eZs5Ls3WtCisHWp9S2GUy8dqkpGi4BVSz3GaqiE6ezub0512ESztXUwUB6C6IKbQkY2Pnb/mD4WYojCRwcwLA=="
  "resolved" "https://registry.npmjs.org/normalize-path/-/normalize-path-3.0.0.tgz"
  "version" "3.0.0"

"normalize-wheel-es@^1.2.0":
  "integrity" "sha512-Wj7+EJQ8mSuXr2iWfnujrimU35R2W4FAErEyTmJoJ7ucwTn2hOUSsRehMb5RSYkxXGTM7Y9QpvPmp++w5ftoJw=="
  "resolved" "https://registry.npmjs.org/normalize-wheel-es/-/normalize-wheel-es-1.2.0.tgz"
  "version" "1.2.0"

"path-parse@^1.0.7":
  "integrity" "sha512-LDJzPVEEEPR+y48z93A0Ed0yXb8pAByGWo/k5YYdYgpY2/2EsOsksJrq7lOHxryrVOn1ejG6oAp8ahvOIQD8sw=="
  "resolved" "https://registry.npmjs.org/path-parse/-/path-parse-1.0.7.tgz"
  "version" "1.0.7"

"pathe@^1.1.2":
  "integrity" "sha512-whLdWMYL2TwI08hn8/ZqAbrVemu0LNaNNJZX73O6qaIdCTfXutsLhMkjdENX0qhsQ9uIimo4/aQOmXkoon2nDQ=="
  "resolved" "https://registry.npmjs.org/pathe/-/pathe-1.1.2.tgz"
  "version" "1.1.2"

"picocolors@^1.0.0":
  "integrity" "sha512-anP1Z8qwhkbmu7MFP5iTt+wQKXgwzf7zTyGlcdzabySa9vd0Xt392U0rVmz9poOaBj0uHJKyyo9/upk0HrEQew=="
  "resolved" "https://registry.npmjs.org/picocolors/-/picocolors-1.0.1.tgz"
  "version" "1.0.1"

"picomatch@^2.0.4", "picomatch@^2.2.1", "picomatch@^2.3.1":
  "integrity" "sha512-JU3teHTNjmE2VCGFzuY8EXzCDVwEqB2a8fsIvwaStHhAWJEeVd1o1QD80CU6+ZdEXXSLbSsuLwJjkCBWqRQUVA=="
  "resolved" "https://registry.npmjs.org/picomatch/-/picomatch-2.3.1.tgz"
  "version" "2.3.1"

"pinia-plugin-persist@1.0":
  "integrity" "sha512-M4hBBd8fz/GgNmUPaaUsC29y1M09lqbXrMAHcusVoU8xlQi1TqgkWnnhvMikZwr7Le/hVyMx8KUcumGGrR6GVw=="
  "resolved" "https://registry.npmjs.org/pinia-plugin-persist/-/pinia-plugin-persist-1.0.0.tgz"
  "version" "1.0.0"
  dependencies:
    "vue-demi" "^0.12.1"

"pinia@^2.0.0", "pinia@2.0.27":
  "integrity" "sha512-nOnXP0OFeL8R4WjAHsterU+11vptda643gH02xKNtSCDPiRzVfRYodOLihLDoa0gL1KKuQKV+KOzEgdt3YvqEw=="
  "resolved" "https://registry.npmjs.org/pinia/-/pinia-2.0.27.tgz"
  "version" "2.0.27"
  dependencies:
    "@vue/devtools-api" "^6.4.5"
    "vue-demi" "*"

"pkg-types@^1.0.3", "pkg-types@^1.1.1":
  "integrity" "sha512-ko14TjmDuQJ14zsotODv7dBlwxKhUKQEhuhmbqo1uCi9BB0Z2alo/wAXg6q1dTR5TyuqYyWhjtfe/Tsh+X28jQ=="
  "resolved" "https://registry.npmjs.org/pkg-types/-/pkg-types-1.1.1.tgz"
  "version" "1.1.1"
  dependencies:
    "confbox" "^0.1.7"
    "mlly" "^1.7.0"
    "pathe" "^1.1.2"

"postcss@^8.4.38":
  "integrity" "sha512-Wglpdk03BSfXkHoQa3b/oulrotAkwrlLDRSOb9D0bN86FdRyE9lppSp33aHNPgBa0JKCoB+drFLZkQoRRYae5A=="
  "resolved" "https://registry.npmjs.org/postcss/-/postcss-8.4.38.tgz"
  "version" "8.4.38"
  dependencies:
    "nanoid" "^3.3.7"
    "picocolors" "^1.0.0"
    "source-map-js" "^1.2.0"

"proxy-from-env@^1.1.0":
  "integrity" "sha512-D+zkORCbA9f1tdWRK0RaCR3GPv50cMxcrz4X8k5LTSUD1Dkw47mKJEZQNunItRTkWwgtaUSo1RVFRIG9ZXiFYg=="
  "resolved" "https://registry.npmjs.org/proxy-from-env/-/proxy-from-env-1.1.0.tgz"
  "version" "1.1.0"

"queue-microtask@^1.2.2":
  "integrity" "sha512-NuaNSa6flKT5JaSYQzJok04JzTL1CA6aGhv5rfLW3PgqA+M2ChpZQnAC8h8i4ZFkBS8X5RqkDBHA7r4hej3K9A=="
  "resolved" "https://registry.npmjs.org/queue-microtask/-/queue-microtask-1.2.3.tgz"
  "version" "1.2.3"

"readdirp@~3.6.0":
  "integrity" "sha512-hOS089on8RduqdbhvQ5Z37A0ESjsqz6qnRcffsMU3495FuTdqSm+7bhJ29JvIOsBDEEnan5DPu9t3To9VRlMzA=="
  "resolved" "https://registry.npmjs.org/readdirp/-/readdirp-3.6.0.tgz"
  "version" "3.6.0"
  dependencies:
    "picomatch" "^2.2.1"

"regenerator-runtime@^0.14.0":
  "integrity" "sha512-dYnhHh0nJoMfnkZs6GmmhFknAGRrLznOu5nc9ML+EJxGvrx6H7teuevqVqCuPcPK//3eDrrjQhehXVx9cnkGdw=="
  "resolved" "https://registry.npmjs.org/regenerator-runtime/-/regenerator-runtime-0.14.1.tgz"
  "version" "0.14.1"

"resize-observer-polyfill@^1.5.1":
  "integrity" "sha512-LwZrotdHOo12nQuZlHEmtuXdqGoOD0OhaxopaNFxWzInpEgaLWoVuAMbTzixuosCx2nEG58ngzW3vxdWoxIgdg=="
  "resolved" "https://registry.npmjs.org/resize-observer-polyfill/-/resize-observer-polyfill-1.5.1.tgz"
  "version" "1.5.1"

"resolve@^1.22.2":
  "integrity" "sha512-oKWePCxqpd6FlLvGV1VU0x7bkPmmCNolxzjMf4NczoDnQcIWrAF+cPtZn5i6n+RfD2d9i0tzpKnG6Yk168yIyw=="
  "resolved" "https://registry.npmjs.org/resolve/-/resolve-1.22.8.tgz"
  "version" "1.22.8"
  dependencies:
    "is-core-module" "^2.13.0"
    "path-parse" "^1.0.7"
    "supports-preserve-symlinks-flag" "^1.0.0"

"reusify@^1.0.4":
  "integrity" "sha512-U9nH88a3fc/ekCF1l0/UP1IosiuIjyTh7hBvXVMHYgVcfGvt897Xguj2UOLDeI5BG2m7/uwyaLVT6fbtCwTyzw=="
  "resolved" "https://registry.npmjs.org/reusify/-/reusify-1.0.4.tgz"
  "version" "1.0.4"

"rollup@^1.20.0||^2.0.0||^3.0.0||^4.0.0", "rollup@^4.13.0":
  "integrity" "sha512-QmJz14PX3rzbJCN1SG4Xe/bAAX2a6NpCP8ab2vfu2GiUr8AQcr2nCV/oEO3yneFarB67zk8ShlIyWb2LGTb3Sg=="
  "resolved" "https://registry.npmjs.org/rollup/-/rollup-4.18.0.tgz"
  "version" "4.18.0"
  dependencies:
    "@types/estree" "1.0.5"
  optionalDependencies:
    "@rollup/rollup-android-arm-eabi" "4.18.0"
    "@rollup/rollup-android-arm64" "4.18.0"
    "@rollup/rollup-darwin-arm64" "4.18.0"
    "@rollup/rollup-darwin-x64" "4.18.0"
    "@rollup/rollup-linux-arm-gnueabihf" "4.18.0"
    "@rollup/rollup-linux-arm-musleabihf" "4.18.0"
    "@rollup/rollup-linux-arm64-gnu" "4.18.0"
    "@rollup/rollup-linux-arm64-musl" "4.18.0"
    "@rollup/rollup-linux-powerpc64le-gnu" "4.18.0"
    "@rollup/rollup-linux-riscv64-gnu" "4.18.0"
    "@rollup/rollup-linux-s390x-gnu" "4.18.0"
    "@rollup/rollup-linux-x64-gnu" "4.18.0"
    "@rollup/rollup-linux-x64-musl" "4.18.0"
    "@rollup/rollup-win32-arm64-msvc" "4.18.0"
    "@rollup/rollup-win32-ia32-msvc" "4.18.0"
    "@rollup/rollup-win32-x64-msvc" "4.18.0"
    "fsevents" "~2.3.2"

"run-parallel@^1.1.9":
  "integrity" "sha512-5l4VyZR86LZ/lDxZTR6jqL8AFE2S0IFLMP26AbjsLVADxHdhB/c0GUsH+y39UfCi3dzz8OlQuPmnaJOMoDHQBA=="
  "resolved" "https://registry.npmjs.org/run-parallel/-/run-parallel-1.2.0.tgz"
  "version" "1.2.0"
  dependencies:
    "queue-microtask" "^1.2.2"

"sass@*", "sass@1.57.1":
  "integrity" "sha512-O2+LwLS79op7GI0xZ8fqzF7X2m/m8WFfI02dHOdsK5R2ECeS5F62zrwg/relM1rjSLy7Vd/DiMNIvPrQGsA0jw=="
  "resolved" "https://registry.npmjs.org/sass/-/sass-1.57.1.tgz"
  "version" "1.57.1"
  dependencies:
    "chokidar" ">=3.0.0 <4.0.0"
    "immutable" "^4.0.0"
    "source-map-js" ">=0.6.2 <2.0.0"

"scroll-into-view-if-needed@^2.2.25":
  "integrity" "sha512-dGCXy99wZQivjmjIqihaBQNjryrz5rueJY7eHfTdyWEiR4ttYpsajb14rn9s5d4DY4EcY6+4+U/maARBXJedkA=="
  "resolved" "https://registry.npmjs.org/scroll-into-view-if-needed/-/scroll-into-view-if-needed-2.2.31.tgz"
  "version" "2.2.31"
  dependencies:
    "compute-scroll-into-view" "^1.0.20"

"scule@^1.3.0":
  "integrity" "sha512-6FtHJEvt+pVMIB9IBY+IcCJ6Z5f1iQnytgyfKMhDKgmzYG+TeH/wx1y3l27rshSbLiSanrR9ffZDrEsmjlQF2g=="
  "resolved" "https://registry.npmjs.org/scule/-/scule-1.3.0.tgz"
  "version" "1.3.0"

"shallow-equal@^1.0.0":
  "integrity" "sha512-S4vJDjHHMBaiZuT9NPb616CSmLf618jawtv3sufLl6ivK8WocjAo58cXwbRV1cgqxH0Qbv+iUt6m05eqEa2IRA=="
  "resolved" "https://registry.npmjs.org/shallow-equal/-/shallow-equal-1.2.1.tgz"
  "version" "1.2.1"

"source-map-js@^1.2.0", "source-map-js@>=0.6.2 <2.0.0":
  "integrity" "sha512-itJW8lvSA0TXEphiRoawsCksnlf8SyvmFzIhltqAHluXd88pkCd+cXJVHTDwdCr0IzwptSm035IHQktUu1QUMg=="
  "resolved" "https://registry.npmjs.org/source-map-js/-/source-map-js-1.2.0.tgz"
  "version" "1.2.0"

"strip-literal@^2.1.0":
  "integrity" "sha512-Op+UycaUt/8FbN/Z2TWPBLge3jWrP3xj10f3fnYxf052bKuS3EKs1ZQcVGjnEMdsNVAM+plXRdmjrZ/KgG3Skw=="
  "resolved" "https://registry.npmjs.org/strip-literal/-/strip-literal-2.1.0.tgz"
  "version" "2.1.0"
  dependencies:
    "js-tokens" "^9.0.0"

"stylis@^4.1.3":
  "integrity" "sha512-bhtUjWd/z6ltJiQwg0dUfxEJ+W+jdqQd8TbWLWyeIJHlnsqmGLRFFd8e5mA0AZi/zx90smXRlN66YMTcaSFifg=="
  "resolved" "https://registry.npmjs.org/stylis/-/stylis-4.3.2.tgz"
  "version" "4.3.2"

"supports-preserve-symlinks-flag@^1.0.0":
  "integrity" "sha512-ot0WnXS9fgdkgIcePe6RHNk1WA8+muPa6cSjeR3V8K27q9BB1rTE3R1p7Hv0z1ZyAc8s6Vvv8DIyWf681MAt0w=="
  "resolved" "https://registry.npmjs.org/supports-preserve-symlinks-flag/-/supports-preserve-symlinks-flag-1.0.0.tgz"
  "version" "1.0.0"

"throttle-debounce@^5.0.0":
  "integrity" "sha512-B71/4oyj61iNH0KeCamLuE2rmKuTO5byTOSVwECM5FA7TiAiAW+UqTKZ9ERueC4qvgSttUhdmq1mXC3kJqGX7A=="
  "resolved" "https://registry.npmjs.org/throttle-debounce/-/throttle-debounce-5.0.2.tgz"
  "version" "5.0.2"

"to-regex-range@^5.0.1":
  "integrity" "sha512-65P7iz6X5yEr1cwcgvQxbbIw7Uk3gOy5dIdtZ4rDveLqhrdJP+Li/Hx6tyK0NEb+2GCyneCMJiGqrADCSNk8sQ=="
  "resolved" "https://registry.npmjs.org/to-regex-range/-/to-regex-range-5.0.1.tgz"
  "version" "5.0.1"
  dependencies:
    "is-number" "^7.0.0"

"tslib@2.3.0":
  "integrity" "sha512-N82ooyxVNm6h1riLCoyS9e3fuJ3AMG2zIZs2Gd1ATcSFjSA23Q0fzjjZeh0jbJvWVDZ0cJT8yaNNaaXHzueNjg=="
  "resolved" "https://registry.npmjs.org/tslib/-/tslib-2.3.0.tgz"
  "version" "2.3.0"

"ufo@^1.5.3":
  "integrity" "sha512-Y7HYmWaFwPUmkoQCUIAYpKqkOf+SbVj/2fJJZ4RJMCfZp0rTGwRbzQD+HghfnhKOjL9E01okqz+ncJskGYfBNw=="
  "resolved" "https://registry.npmjs.org/ufo/-/ufo-1.5.3.tgz"
  "version" "1.5.3"

"unimport@^3.0.14":
  "integrity" "sha512-91mxcZTadgXyj3lFWmrGT8GyoRHWuE5fqPOjg5RVtF6vj+OfM5G6WCzXjuYtSgELE5ggB34RY4oiCSEP8I3AHw=="
  "resolved" "https://registry.npmjs.org/unimport/-/unimport-3.7.2.tgz"
  "version" "3.7.2"
  dependencies:
    "@rollup/pluginutils" "^5.1.0"
    "acorn" "^8.11.3"
    "escape-string-regexp" "^5.0.0"
    "estree-walker" "^3.0.3"
    "fast-glob" "^3.3.2"
    "local-pkg" "^0.5.0"
    "magic-string" "^0.30.10"
    "mlly" "^1.7.0"
    "pathe" "^1.1.2"
    "pkg-types" "^1.1.1"
    "scule" "^1.3.0"
    "strip-literal" "^2.1.0"
    "unplugin" "^1.10.1"

"unplugin-auto-import@0.16.6":
  "integrity" "sha512-M+YIITkx3C/Hg38hp8HmswP5mShUUyJOzpifv7RTlAbeFlO2Tyw0pwrogSSxnipHDPTtI8VHFBpkYkNKzYSuyA=="
  "resolved" "https://registry.npmjs.org/unplugin-auto-import/-/unplugin-auto-import-0.16.6.tgz"
  "version" "0.16.6"
  dependencies:
    "@antfu/utils" "^0.7.5"
    "@rollup/pluginutils" "^5.0.2"
    "fast-glob" "^3.3.0"
    "local-pkg" "^0.4.3"
    "magic-string" "^0.30.1"
    "minimatch" "^9.0.2"
    "unimport" "^3.0.14"
    "unplugin" "^1.3.2"

"unplugin-vue-components@0.25.1":
  "integrity" "sha512-kzS2ZHVMaGU2XEO2keYQcMjNZkanDSGDdY96uQT9EPe+wqSZwwgbFfKVJ5ti0+8rGAcKHColwKUvctBhq2LJ3A=="
  "resolved" "https://registry.npmjs.org/unplugin-vue-components/-/unplugin-vue-components-0.25.1.tgz"
  "version" "0.25.1"
  dependencies:
    "@antfu/utils" "^0.7.4"
    "@rollup/pluginutils" "^5.0.2"
    "chokidar" "^3.5.3"
    "debug" "^4.3.4"
    "fast-glob" "^3.2.12"
    "local-pkg" "^0.4.3"
    "magic-string" "^0.30.0"
    "minimatch" "^9.0.1"
    "resolve" "^1.22.2"
    "unplugin" "^1.3.1"

"unplugin@^1.10.1", "unplugin@^1.3.1", "unplugin@^1.3.2":
  "integrity" "sha512-d6Mhq8RJeGA8UfKCu54Um4lFA0eSaRa3XxdAJg8tIdxbu1ubW0hBCZUL7yI2uGyYCRndvbK8FLHzqy2XKfeMsg=="
  "resolved" "https://registry.npmjs.org/unplugin/-/unplugin-1.10.1.tgz"
  "version" "1.10.1"
  dependencies:
    "acorn" "^8.11.3"
    "chokidar" "^3.6.0"
    "webpack-sources" "^3.2.3"
    "webpack-virtual-modules" "^0.6.1"

"vite@^5.0.0", "vite@^5.3.1":
  "integrity" "sha512-XBmSKRLXLxiaPYamLv3/hnP/KXDai1NDexN0FpkTaZXTfycHvkRHoenpgl/fvuK/kPbB6xAgoyiryAhQNxYmAQ=="
  "resolved" "https://registry.npmjs.org/vite/-/vite-5.3.1.tgz"
  "version" "5.3.1"
  dependencies:
    "esbuild" "^0.21.3"
    "postcss" "^8.4.38"
    "rollup" "^4.13.0"
  optionalDependencies:
    "fsevents" "~2.3.3"

"vue-demi@*":
  "integrity" "sha512-Uuqnk9YE9SsWeReYqK2alDI5YzciATE0r2SkA6iMAtuXvNTMNACJLJEXNXaEy94ECuBe4Sk6RzRU80kjdbIo1Q=="
  "resolved" "https://registry.npmjs.org/vue-demi/-/vue-demi-0.14.8.tgz"
  "version" "0.14.8"

"vue-demi@^0.12.1":
  "integrity" "sha512-BREuTgTYlUr0zw0EZn3hnhC3I6gPWv+Kwh4MCih6QcAeaTlaIX0DwOVN0wHej7hSvDPecz4jygy/idsgKfW58Q=="
  "resolved" "https://registry.npmjs.org/vue-demi/-/vue-demi-0.12.5.tgz"
  "version" "0.12.5"

"vue-router@4.0.13":
  "integrity" "sha512-LmXrC+BkDRLak+d5xTMgUYraT3Nj0H/vCbP+7usGvIl9Viqd1UP6AsP0i69pSbn9O0dXK/xCdp4yPw21HqV9Jw=="
  "resolved" "https://registry.npmjs.org/vue-router/-/vue-router-4.0.13.tgz"
  "version" "4.0.13"
  dependencies:
    "@vue/devtools-api" "^6.0.0"

"vue-types@^3.0.0":
  "integrity" "sha512-IwUC0Aq2zwaXqy74h4WCvFCUtoV0iSWr0snWnE9TnU18S66GAQyqQbRf2qfJtUuiFsBf6qp0MEwdonlwznlcrw=="
  "resolved" "https://registry.npmjs.org/vue-types/-/vue-types-3.0.2.tgz"
  "version" "3.0.2"
  dependencies:
    "is-plain-object" "3.0.1"

"vue@^2.0.0 || >=3.0.0", "vue@^2.6.14 || ^3.2.0", "vue@^3.0.0", "vue@^3.0.0-0 || ^2.6.0", "vue@^3.2.0", "vue@^3.2.25", "vue@^3.4.29", "vue@>=3.0.3", "vue@>=3.2.0", "vue@2 || 3", "vue@3.4.30":
  "integrity" "sha512-NcxtKCwkdf1zPsr7Y8+QlDBCGqxvjLXF2EX+yi76rV5rrz90Y6gK1cq0olIhdWGgrlhs9ElHuhi9t3+W5sG5Xw=="
  "resolved" "https://registry.npmjs.org/vue/-/vue-3.4.30.tgz"
  "version" "3.4.30"
  dependencies:
    "@vue/compiler-dom" "3.4.30"
    "@vue/compiler-sfc" "3.4.30"
    "@vue/runtime-dom" "3.4.30"
    "@vue/server-renderer" "3.4.30"
    "@vue/shared" "3.4.30"

"warning@^4.0.0":
  "integrity" "sha512-rpJyN222KWIvHJ/F53XSZv0Zl/accqHR8et1kpaMTD/fLCRxtV8iX8czMzY7sVZupTI3zcUTg8eycS2kNF9l6w=="
  "resolved" "https://registry.npmjs.org/warning/-/warning-4.0.3.tgz"
  "version" "4.0.3"
  dependencies:
    "loose-envify" "^1.0.0"

"webpack-sources@^3.2.3":
  "integrity" "sha512-/DyMEOrDgLKKIG0fmvtz+4dUX/3Ghozwgm6iPp8KRhvn+eQf9+Q7GWxVNMk3+uCPWfdXYC4ExGBckIXdFEfH1w=="
  "resolved" "https://registry.npmjs.org/webpack-sources/-/webpack-sources-3.2.3.tgz"
  "version" "3.2.3"

"webpack-virtual-modules@^0.6.1":
  "integrity" "sha512-66/V2i5hQanC51vBQKPH4aI8NMAcBW59FVBs+rC7eGHupMyfn34q7rZIE+ETlJ+XTevqfUhVVBgSUNSW2flEUQ=="
  "resolved" "https://registry.npmjs.org/webpack-virtual-modules/-/webpack-virtual-modules-0.6.2.tgz"
  "version" "0.6.2"

"zrender@5.4.3":
  "integrity" "sha512-DRUM4ZLnoaT0PBVvGBDO9oWIDBKFdAVieNWxWwK0niYzJCMwGchRk21/hsE+RKkIveH3XHCyvXcJDkgLVvfizQ=="
  "resolved" "https://registry.npmjs.org/zrender/-/zrender-5.4.3.tgz"
  "version" "5.4.3"
  dependencies:
    "tslib" "2.3.0"
